
Microsoft Visual Studio Solution File, Format Version 12.00
# Visual Studio Version 17
VisualStudioVersion = 17.11.35312.102
MinimumVisualStudioVersion = 10.0.40219.1
Project("{FAE04EC0-301F-11D3-BF4B-00C04F79EFBC}") = "VirtualTeachingAssistant", "VirtualTeachingAssistant\VirtualTeachingAssistant\VirtualTeachingAssistant.csproj", "{07A6C042-1FE6-4881-B1B3-17D36E47C73B}"
EndProject
Project("{FAE04EC0-301F-11D3-BF4B-00C04F79EFBC}") = "VTAModelLibrary", "VTAModelLibrary\VTAModelLibrary.csproj", "{936286F2-3D3E-4A02-A814-F9A197C3F3A0}"
EndProject
Project("{FAE04EC0-301F-11D3-BF4B-00C04F79EFBC}") = "VTAModelTests", "VTAModelTests\VTAModelTests.csproj", "{0F8BDDC1-DAC5-4BF9-ABE3-0F01C860D357}"
EndProject
Project("{FAE04EC0-301F-11D3-BF4B-00C04F79EFBC}") = "Utilities", "Utilities\Utilities.csproj", "{884EBC26-6CFB-48B8-8282-01378296633C}"
EndProject
Project("{FAE04EC0-301F-11D3-BF4B-00C04F79EFBC}") = "ChatAPI", "ChatAPI\ChatAPI.csproj", "{FCF8C700-954E-4A9C-96EE-3A913F534FC2}"
EndProject
Global
	GlobalSection(SolutionConfigurationPlatforms) = preSolution
		Debug|Any CPU = Debug|Any CPU
		Release|Any CPU = Release|Any CPU
	EndGlobalSection
	GlobalSection(ProjectConfigurationPlatforms) = postSolution
		{07A6C042-1FE6-4881-B1B3-17D36E47C73B}.Debug|Any CPU.ActiveCfg = Debug|Any CPU
		{07A6C042-1FE6-4881-B1B3-17D36E47C73B}.Debug|Any CPU.Build.0 = Debug|Any CPU
		{07A6C042-1FE6-4881-B1B3-17D36E47C73B}.Release|Any CPU.ActiveCfg = Release|Any CPU
		{07A6C042-1FE6-4881-B1B3-17D36E47C73B}.Release|Any CPU.Build.0 = Release|Any CPU
		{936286F2-3D3E-4A02-A814-F9A197C3F3A0}.Debug|Any CPU.ActiveCfg = Debug|Any CPU
		{936286F2-3D3E-4A02-A814-F9A197C3F3A0}.Debug|Any CPU.Build.0 = Debug|Any CPU
		{936286F2-3D3E-4A02-A814-F9A197C3F3A0}.Release|Any CPU.ActiveCfg = Release|Any CPU
		{936286F2-3D3E-4A02-A814-F9A197C3F3A0}.Release|Any CPU.Build.0 = Release|Any CPU
		{0F8BDDC1-DAC5-4BF9-ABE3-0F01C860D357}.Debug|Any CPU.ActiveCfg = Debug|Any CPU
		{0F8BDDC1-DAC5-4BF9-ABE3-0F01C860D357}.Debug|Any CPU.Build.0 = Debug|Any CPU
		{0F8BDDC1-DAC5-4BF9-ABE3-0F01C860D357}.Release|Any CPU.ActiveCfg = Release|Any CPU
		{0F8BDDC1-DAC5-4BF9-ABE3-0F01C860D357}.Release|Any CPU.Build.0 = Release|Any CPU
		{884EBC26-6CFB-48B8-8282-01378296633C}.Debug|Any CPU.ActiveCfg = Debug|Any CPU
		{884EBC26-6CFB-48B8-8282-01378296633C}.Debug|Any CPU.Build.0 = Debug|Any CPU
		{884EBC26-6CFB-48B8-8282-01378296633C}.Release|Any CPU.ActiveCfg = Release|Any CPU
		{884EBC26-6CFB-48B8-8282-01378296633C}.Release|Any CPU.Build.0 = Release|Any CPU
		{FCF8C700-954E-4A9C-96EE-3A913F534FC2}.Debug|Any CPU.ActiveCfg = Debug|Any CPU
		{FCF8C700-954E-4A9C-96EE-3A913F534FC2}.Debug|Any CPU.Build.0 = Debug|Any CPU
		{FCF8C700-954E-4A9C-96EE-3A913F534FC2}.Release|Any CPU.ActiveCfg = Release|Any CPU
		{FCF8C700-954E-4A9C-96EE-3A913F534FC2}.Release|Any CPU.Build.0 = Release|Any CPU
	EndGlobalSection
	GlobalSection(SolutionProperties) = preSolution
		HideSolutionNode = FALSE
	EndGlobalSection
	GlobalSection(ExtensibilityGlobals) = postSolution
		SolutionGuid = {BD049417-0972-4C99-AA08-FF3ECE8B3EBE}
	EndGlobalSection
EndGlobal
